
Microsoft Visual Studio Solution File, Format Version 12.00
# Visual Studio 14
VisualStudioVersion = 14.0.25123.0
MinimumVisualStudioVersion = 10.0.40219.1
Project("{FAE04EC0-301F-11D3-BF4B-00C04F79EFBC}") = "SampleScraperClient", "SampleScraperClient\SampleScraperClient.csproj", "{18C16DD4-4587-4483-A19D-366F86854452}"
EndProject
Project("{FAE04EC0-301F-11D3-BF4B-00C04F79EFBC}") = "CostcoWinForm", "CostcoWinForm\CostcoWinForm.csproj", "{598DE617-C2FE-43C4-B053-82D8DAEB2CFB}"
EndProject
Project("{FAE04EC0-301F-11D3-BF4B-00C04F79EFBC}") = "CostcoConsoleApp", "CostcoConsoleApp\CostcoConsoleApp.csproj", "{137B777E-5300-4CC1-9B1F-48CEE2B4B99D}"
EndProject
Project("{FAE04EC0-301F-11D3-BF4B-00C04F79EFBC}") = "Website", "Website\Website.csproj", "{9A9871BC-BA5A-4863-9BBC-BD25DAB5DAEB}"
EndProject
Project("{FAE04EC0-301F-11D3-BF4B-00C04F79EFBC}") = "CrawlerConsole", "CrawlerConsole\CrawlerConsole.csproj", "{440C0384-92B9-412C-BB82-16C2CB3111FF}"
EndProject
Project("{FAE04EC0-301F-11D3-BF4B-00C04F79EFBC}") = "WinFormCrawl", "WinFormCrawl\WinFormCrawl.csproj", "{7FFA8CED-7B93-47F5-9A8F-55540D4C5A44}"
EndProject
Project("{00D1A9C2-B5F0-4AF3-8072-F6C62B433612}") = "CostcoDatabase", "CostcoDatabase\CostcoDatabase.sqlproj", "{F4C64944-92AC-4D0B-9BBD-BC054A457995}"
EndProject
Global
	GlobalSection(SolutionConfigurationPlatforms) = preSolution
		Debug|Any CPU = Debug|Any CPU
		Release|Any CPU = Release|Any CPU
	EndGlobalSection
	GlobalSection(ProjectConfigurationPlatforms) = postSolution
		{18C16DD4-4587-4483-A19D-366F86854452}.Debug|Any CPU.ActiveCfg = Debug|Any CPU
		{18C16DD4-4587-4483-A19D-366F86854452}.Debug|Any CPU.Build.0 = Debug|Any CPU
		{18C16DD4-4587-4483-A19D-366F86854452}.Release|Any CPU.ActiveCfg = Release|Any CPU
		{18C16DD4-4587-4483-A19D-366F86854452}.Release|Any CPU.Build.0 = Release|Any CPU
		{598DE617-C2FE-43C4-B053-82D8DAEB2CFB}.Debug|Any CPU.ActiveCfg = Debug|Any CPU
		{598DE617-C2FE-43C4-B053-82D8DAEB2CFB}.Debug|Any CPU.Build.0 = Debug|Any CPU
		{598DE617-C2FE-43C4-B053-82D8DAEB2CFB}.Release|Any CPU.ActiveCfg = Release|Any CPU
		{598DE617-C2FE-43C4-B053-82D8DAEB2CFB}.Release|Any CPU.Build.0 = Release|Any CPU
		{137B777E-5300-4CC1-9B1F-48CEE2B4B99D}.Debug|Any CPU.ActiveCfg = Debug|Any CPU
		{137B777E-5300-4CC1-9B1F-48CEE2B4B99D}.Debug|Any CPU.Build.0 = Debug|Any CPU
		{137B777E-5300-4CC1-9B1F-48CEE2B4B99D}.Release|Any CPU.ActiveCfg = Release|Any CPU
		{137B777E-5300-4CC1-9B1F-48CEE2B4B99D}.Release|Any CPU.Build.0 = Release|Any CPU
		{9A9871BC-BA5A-4863-9BBC-BD25DAB5DAEB}.Debug|Any CPU.ActiveCfg = Debug|Any CPU
		{9A9871BC-BA5A-4863-9BBC-BD25DAB5DAEB}.Debug|Any CPU.Build.0 = Debug|Any CPU
		{9A9871BC-BA5A-4863-9BBC-BD25DAB5DAEB}.Release|Any CPU.ActiveCfg = Release|Any CPU
		{9A9871BC-BA5A-4863-9BBC-BD25DAB5DAEB}.Release|Any CPU.Build.0 = Release|Any CPU
		{440C0384-92B9-412C-BB82-16C2CB3111FF}.Debug|Any CPU.ActiveCfg = Debug|Any CPU
		{440C0384-92B9-412C-BB82-16C2CB3111FF}.Debug|Any CPU.Build.0 = Debug|Any CPU
		{440C0384-92B9-412C-BB82-16C2CB3111FF}.Release|Any CPU.ActiveCfg = Release|Any CPU
		{440C0384-92B9-412C-BB82-16C2CB3111FF}.Release|Any CPU.Build.0 = Release|Any CPU
		{7FFA8CED-7B93-47F5-9A8F-55540D4C5A44}.Debug|Any CPU.ActiveCfg = Debug|Any CPU
		{7FFA8CED-7B93-47F5-9A8F-55540D4C5A44}.Debug|Any CPU.Build.0 = Debug|Any CPU
		{7FFA8CED-7B93-47F5-9A8F-55540D4C5A44}.Release|Any CPU.ActiveCfg = Release|Any CPU
		{7FFA8CED-7B93-47F5-9A8F-55540D4C5A44}.Release|Any CPU.Build.0 = Release|Any CPU
		{F4C64944-92AC-4D0B-9BBD-BC054A457995}.Debug|Any CPU.ActiveCfg = Debug|Any CPU
		{F4C64944-92AC-4D0B-9BBD-BC054A457995}.Debug|Any CPU.Build.0 = Debug|Any CPU
		{F4C64944-92AC-4D0B-9BBD-BC054A457995}.Debug|Any CPU.Deploy.0 = Debug|Any CPU
		{F4C64944-92AC-4D0B-9BBD-BC054A457995}.Release|Any CPU.ActiveCfg = Release|Any CPU
		{F4C64944-92AC-4D0B-9BBD-BC054A457995}.Release|Any CPU.Build.0 = Release|Any CPU
		{F4C64944-92AC-4D0B-9BBD-BC054A457995}.Release|Any CPU.Deploy.0 = Release|Any CPU
	EndGlobalSection
	GlobalSection(SolutionProperties) = preSolution
		HideSolutionNode = FALSE
	EndGlobalSection
EndGlobal
